// !$*UTF8*$!
{
	archiveVersion = 1;
	classes = {
	};
	objectVersion = 50;
	objects = {

/* Begin PBXBuildFile section */
		1733081421501DEC00CB360C /* Sympy.swift in Sources */ = {isa = PBXBuildFile; fileRef = 1733081221501DEC00CB360C /* Sympy.swift */; };
		1733081F21502DD400CB360C /* Sklearn.swift in Sources */ = {isa = PBXBuildFile; fileRef = 1733081E21502DD400CB360C /* Sklearn.swift */; };
		1733082221513BF500CB360C /* PythonClass.swift in Sources */ = {isa = PBXBuildFile; fileRef = 1733081C2150287E00CB360C /* PythonClass.swift */; };
		173B8E572153FB63003A7672 /* libtensorflow.so in Frameworks */ = {isa = PBXBuildFile; fileRef = 173B8E552153FB63003A7672 /* libtensorflow.so */; };
		173B8E582153FB63003A7672 /* libtensorflow_framework.so in Frameworks */ = {isa = PBXBuildFile; fileRef = 173B8E562153FB63003A7672 /* libtensorflow_framework.so */; };
		17D73031215561AC0090CE1A /* Environment.swift in Sources */ = {isa = PBXBuildFile; fileRef = 17D73030215561AC0090CE1A /* Environment.swift */; };
		17EBB412215425CF003ABF77 /* libpython2.7.tbd in Frameworks */ = {isa = PBXBuildFile; fileRef = 17EBB411215425CF003ABF77 /* libpython2.7.tbd */; };
		5C0A181021179636002F03E0 /* main.swift in Sources */ = {isa = PBXBuildFile; fileRef = 5C0A180F21179636002F03E0 /* main.swift */; };
		5C0A18202117A3A8002F03E0 /* PongRunner.swift in Sources */ = {isa = PBXBuildFile; fileRef = 5C0A181E2117A3A8002F03E0 /* PongRunner.swift */; };
		5C0A18212117A3A8002F03E0 /* FrozenLakeRunner.swift in Sources */ = {isa = PBXBuildFile; fileRef = 5C0A181F2117A3A8002F03E0 /* FrozenLakeRunner.swift */; };
		5C0A18272117A46F002F03E0 /* StatsRecorder.swift in Sources */ = {isa = PBXBuildFile; fileRef = 5C0A18232117A46F002F03E0 /* StatsRecorder.swift */; };
		5C0A18282117A46F002F03E0 /* Utilities.swift in Sources */ = {isa = PBXBuildFile; fileRef = 5C0A18242117A46F002F03E0 /* Utilities.swift */; };
		5C0A18292117A46F002F03E0 /* Array+NumPy.swift in Sources */ = {isa = PBXBuildFile; fileRef = 5C0A18252117A46F002F03E0 /* Array+NumPy.swift */; };
		5C1421422143D07C004F4CCA /* ReinforceModel.swift in Sources */ = {isa = PBXBuildFile; fileRef = 5C1421412143D07C004F4CCA /* ReinforceModel.swift */; };
		84311D8221494F020081B0E3 /* Q-LearningModel.swift in Sources */ = {isa = PBXBuildFile; fileRef = 84311D8121494F020081B0E3 /* Q-LearningModel.swift */; };
		8474987C2155C0F300A8506C /* Pytorch.swift in Sources */ = {isa = PBXBuildFile; fileRef = 8474987B2155C0F300A8506C /* Pytorch.swift */; };
/* End PBXBuildFile section */

/* Begin PBXCopyFilesBuildPhase section */
		5C0A180A21179636002F03E0 /* CopyFiles */ = {
			isa = PBXCopyFilesBuildPhase;
			buildActionMask = 2147483647;
			dstPath = /usr/share/man/man1/;
			dstSubfolderSpec = 0;
			files = (
			);
			runOnlyForDeploymentPostprocessing = 1;
		};
/* End PBXCopyFilesBuildPhase section */

/* Begin PBXFileReference section */
		1733081021501DEC00CB360C /* sympy_test.py */ = {isa = PBXFileReference; fileEncoding = 4; lastKnownFileType = text.script.python; path = sympy_test.py; sourceTree = "<group>"; };
		1733081221501DEC00CB360C /* Sympy.swift */ = {isa = PBXFileReference; fileEncoding = 4; lastKnownFileType = sourcecode.swift; path = Sympy.swift; sourceTree = "<group>"; };
		1733081C2150287E00CB360C /* PythonClass.swift */ = {isa = PBXFileReference; fileEncoding = 4; lastKnownFileType = sourcecode.swift; path = PythonClass.swift; sourceTree = "<group>"; };
		1733081E21502DD400CB360C /* Sklearn.swift */ = {isa = PBXFileReference; fileEncoding = 4; lastKnownFileType = sourcecode.swift; path = Sklearn.swift; sourceTree = "<group>"; };
		173308202151386600CB360C /* Perceptron.swift */ = {isa = PBXFileReference; fileEncoding = 4; lastKnownFileType = sourcecode.swift; path = Perceptron.swift; sourceTree = "<group>"; };
		17330823215182CB00CB360C /* rotation_matrix.py */ = {isa = PBXFileReference; lastKnownFileType = text.script.python; path = rotation_matrix.py; sourceTree = "<group>"; };
		17330824215182CB00CB360C /* layers.py */ = {isa = PBXFileReference; lastKnownFileType = text.script.python; path = layers.py; sourceTree = "<group>"; };
		173308252151874700CB360C /* MountainCarRunner.swift */ = {isa = PBXFileReference; fileEncoding = 4; lastKnownFileType = sourcecode.swift; path = MountainCarRunner.swift; sourceTree = "<group>"; };
		173308382152DDA900CB360C /* airalcorn2.py */ = {isa = PBXFileReference; lastKnownFileType = text.script.python; path = airalcorn2.py; sourceTree = "<group>"; };
		173B8E502153EBB7003A7672 /* Readme.md */ = {isa = PBXFileReference; lastKnownFileType = net.daringfireball.markdown; path = Readme.md; sourceTree = "<group>"; };
		173B8E552153FB63003A7672 /* libtensorflow.so */ = {isa = PBXFileReference; lastKnownFileType = "compiled.mach-o.dylib"; name = libtensorflow.so; path = "../../../../../Library/Developer/Toolchains/swift-tensorflow-DEVELOPMENT-2018-09-17-a.xctoolchain/usr/lib/swift/macosx/libtensorflow.so"; sourceTree = "<group>"; };
		173B8E562153FB63003A7672 /* libtensorflow_framework.so */ = {isa = PBXFileReference; lastKnownFileType = "compiled.mach-o.dylib"; name = libtensorflow_framework.so; path = "../../../../../Library/Developer/Toolchains/swift-tensorflow-DEVELOPMENT-2018-09-17-a.xctoolchain/usr/lib/swift/macosx/libtensorflow_framework.so"; sourceTree = "<group>"; };
		17D73030215561AC0090CE1A /* Environment.swift */ = {isa = PBXFileReference; lastKnownFileType = sourcecode.swift; path = Environment.swift; sourceTree = "<group>"; };
		17E5B7CE21542CB200C352F2 /* test_lambda.py */ = {isa = PBXFileReference; lastKnownFileType = text.script.python; path = test_lambda.py; sourceTree = "<group>"; };
		17EBB411215425CF003ABF77 /* libpython2.7.tbd */ = {isa = PBXFileReference; lastKnownFileType = "sourcecode.text-based-dylib-definition"; name = libpython2.7.tbd; path = usr/lib/libpython2.7.tbd; sourceTree = SDKROOT; };
		5C0A180C21179636002F03E0 /* SwiftReinforce */ = {isa = PBXFileReference; explicitFileType = "compiled.mach-o.executable"; includeInIndex = 0; path = SwiftReinforce; sourceTree = BUILT_PRODUCTS_DIR; };
		5C0A180F21179636002F03E0 /* main.swift */ = {isa = PBXFileReference; lastKnownFileType = sourcecode.swift; path = main.swift; sourceTree = "<group>"; };
		5C0A181B2117A36E002F03E0 /* .gitignore */ = {isa = PBXFileReference; lastKnownFileType = text; path = .gitignore; sourceTree = "<group>"; };
		5C0A181E2117A3A8002F03E0 /* PongRunner.swift */ = {isa = PBXFileReference; fileEncoding = 4; lastKnownFileType = sourcecode.swift; path = PongRunner.swift; sourceTree = "<group>"; };
		5C0A181F2117A3A8002F03E0 /* FrozenLakeRunner.swift */ = {isa = PBXFileReference; fileEncoding = 4; lastKnownFileType = sourcecode.swift; path = FrozenLakeRunner.swift; sourceTree = "<group>"; };
		5C0A18232117A46F002F03E0 /* StatsRecorder.swift */ = {isa = PBXFileReference; fileEncoding = 4; lastKnownFileType = sourcecode.swift; path = StatsRecorder.swift; sourceTree = "<group>"; };
		5C0A18242117A46F002F03E0 /* Utilities.swift */ = {isa = PBXFileReference; fileEncoding = 4; lastKnownFileType = sourcecode.swift; path = Utilities.swift; sourceTree = "<group>"; };
		5C0A18252117A46F002F03E0 /* Array+NumPy.swift */ = {isa = PBXFileReference; fileEncoding = 4; lastKnownFileType = sourcecode.swift; path = "Array+NumPy.swift"; sourceTree = "<group>"; };
		5C1421412143D07C004F4CCA /* ReinforceModel.swift */ = {isa = PBXFileReference; lastKnownFileType = sourcecode.swift; path = ReinforceModel.swift; sourceTree = "<group>"; };
		5C7C42E52117B44C00BAB61F /* README.md */ = {isa = PBXFileReference; lastKnownFileType = net.daringfireball.markdown; path = README.md; sourceTree = "<group>"; };
		84311D8121494F020081B0E3 /* Q-LearningModel.swift */ = {isa = PBXFileReference; fileEncoding = 4; lastKnownFileType = sourcecode.swift; path = "Q-LearningModel.swift"; sourceTree = "<group>"; };
		8474987B2155C0F300A8506C /* Pytorch.swift */ = {isa = PBXFileReference; fileEncoding = 4; lastKnownFileType = sourcecode.swift; path = Pytorch.swift; sourceTree = "<group>"; };
		8474987D2155C66D00A8506C /* NeuralNet.py */ = {isa = PBXFileReference; lastKnownFileType = text.script.python; path = NeuralNet.py; sourceTree = "<group>"; };
/* End PBXFileReference section */

/* Begin PBXFrameworksBuildPhase section */
		5C0A180921179636002F03E0 /* Frameworks */ = {
			isa = PBXFrameworksBuildPhase;
			buildActionMask = 2147483647;
			files = (
				17EBB412215425CF003ABF77 /* libpython2.7.tbd in Frameworks */,
				173B8E582153FB63003A7672 /* libtensorflow_framework.so in Frameworks */,
				173B8E572153FB63003A7672 /* libtensorflow.so in Frameworks */,
			);
			runOnlyForDeploymentPostprocessing = 0;
		};
/* End PBXFrameworksBuildPhase section */

/* Begin PBXGroup section */
		1733080F21501DEC00CB360C /* Python */ = {
			isa = PBXGroup;
			children = (
				173B8E502153EBB7003A7672 /* Readme.md */,
				173308382152DDA900CB360C /* airalcorn2.py */,
				17D73030215561AC0090CE1A /* Environment.swift */,
				17330824215182CB00CB360C /* layers.py */,
				8474987B2155C0F300A8506C /* Pytorch.swift */,
				8474987D2155C66D00A8506C /* NeuralNet.py */,
				173308202151386600CB360C /* Perceptron.swift */,
				1733081C2150287E00CB360C /* PythonClass.swift */,
				17330823215182CB00CB360C /* rotation_matrix.py */,
				1733081E21502DD400CB360C /* Sklearn.swift */,
				1733081021501DEC00CB360C /* sympy_test.py */,
				1733081221501DEC00CB360C /* Sympy.swift */,
				17E5B7CE21542CB200C352F2 /* test_lambda.py */,
			);
			path = Python;
			sourceTree = "<group>";
		};
		5C0A180321179636002F03E0 = {
			isa = PBXGroup;
			children = (
				5C7C42E52117B44C00BAB61F /* README.md */,
				5C0A181B2117A36E002F03E0 /* .gitignore */,
				5C0A180E21179636002F03E0 /* SwiftReinforce */,
				5C0A180D21179636002F03E0 /* Products */,
				5C0A18162117A317002F03E0 /* Frameworks */,
			);
			sourceTree = "<group>";
		};
		5C0A180D21179636002F03E0 /* Products */ = {
			isa = PBXGroup;
			children = (
				5C0A180C21179636002F03E0 /* SwiftReinforce */,
			);
			name = Products;
			sourceTree = "<group>";
		};
		5C0A180E21179636002F03E0 /* SwiftReinforce */ = {
			isa = PBXGroup;
			children = (
				1733080F21501DEC00CB360C /* Python */,
				5C0A181D2117A388002F03E0 /* Runner */,
				5C0A181C2117A380002F03E0 /* Common */,
				5C0A180F21179636002F03E0 /* main.swift */,
			);
			path = SwiftReinforce;
			sourceTree = "<group>";
		};
		5C0A18162117A317002F03E0 /* Frameworks */ = {
			isa = PBXGroup;
			children = (
				17EBB411215425CF003ABF77 /* libpython2.7.tbd */,
				173B8E562153FB63003A7672 /* libtensorflow_framework.so */,
				173B8E552153FB63003A7672 /* libtensorflow.so */,
			);
			name = Frameworks;
			sourceTree = "<group>";
		};
		5C0A181C2117A380002F03E0 /* Common */ = {
			isa = PBXGroup;
			children = (
				5C0A18252117A46F002F03E0 /* Array+NumPy.swift */,
				84311D8121494F020081B0E3 /* Q-LearningModel.swift */,
				5C1421412143D07C004F4CCA /* ReinforceModel.swift */,
				5C0A18232117A46F002F03E0 /* StatsRecorder.swift */,
				5C0A18242117A46F002F03E0 /* Utilities.swift */,
			);
			path = Common;
			sourceTree = "<group>";
		};
		5C0A181D2117A388002F03E0 /* Runner */ = {
			isa = PBXGroup;
			children = (
				173308252151874700CB360C /* MountainCarRunner.swift */,
				5C0A181F2117A3A8002F03E0 /* FrozenLakeRunner.swift */,
				5C0A181E2117A3A8002F03E0 /* PongRunner.swift */,
			);
			path = Runner;
			sourceTree = "<group>";
		};
/* End PBXGroup section */

/* Begin PBXNativeTarget section */
		5C0A180B21179636002F03E0 /* SwiftReinforce */ = {
			isa = PBXNativeTarget;
			buildConfigurationList = 5C0A181321179636002F03E0 /* Build configuration list for PBXNativeTarget "SwiftReinforce" */;
			buildPhases = (
				5C0A180821179636002F03E0 /* Sources */,
				5C0A180921179636002F03E0 /* Frameworks */,
				5C0A180A21179636002F03E0 /* CopyFiles */,
			);
			buildRules = (
			);
			dependencies = (
			);
			name = SwiftReinforce;
			productName = SwiftReinforce;
			productReference = 5C0A180C21179636002F03E0 /* SwiftReinforce */;
			productType = "com.apple.product-type.tool";
		};
/* End PBXNativeTarget section */

/* Begin PBXProject section */
		5C0A180421179636002F03E0 /* Project object */ = {
			isa = PBXProject;
			attributes = {
				LastSwiftUpdateCheck = 1000;
				LastUpgradeCheck = 1000;
				ORGANIZATIONNAME = "Sascha Schramm";
				TargetAttributes = {
					5C0A180B21179636002F03E0 = {
						CreatedOnToolsVersion = 10.0;
					};
				};
			};
			buildConfigurationList = 5C0A180721179636002F03E0 /* Build configuration list for PBXProject "SwiftReinforce" */;
			compatibilityVersion = "Xcode 9.3";
			developmentRegion = en;
			hasScannedForEncodings = 0;
			knownRegions = (
				en,
			);
			mainGroup = 5C0A180321179636002F03E0;
			productRefGroup = 5C0A180D21179636002F03E0 /* Products */;
			projectDirPath = "";
			projectRoot = "";
			targets = (
				5C0A180B21179636002F03E0 /* SwiftReinforce */,
			);
		};
/* End PBXProject section */

/* Begin PBXSourcesBuildPhase section */
		5C0A180821179636002F03E0 /* Sources */ = {
			isa = PBXSourcesBuildPhase;
			buildActionMask = 2147483647;
			files = (
				1733081421501DEC00CB360C /* Sympy.swift in Sources */,
				8474987C2155C0F300A8506C /* Pytorch.swift in Sources */,
				1733082221513BF500CB360C /* PythonClass.swift in Sources */,
				5C0A18282117A46F002F03E0 /* Utilities.swift in Sources */,
				5C0A181021179636002F03E0 /* main.swift in Sources */,
				5C0A18202117A3A8002F03E0 /* PongRunner.swift in Sources */,
				5C0A18272117A46F002F03E0 /* StatsRecorder.swift in Sources */,
				5C1421422143D07C004F4CCA /* ReinforceModel.swift in Sources */,
				1733081F21502DD400CB360C /* Sklearn.swift in Sources */,
				5C0A18212117A3A8002F03E0 /* FrozenLakeRunner.swift in Sources */,
				84311D8221494F020081B0E3 /* Q-LearningModel.swift in Sources */,
				5C0A18292117A46F002F03E0 /* Array+NumPy.swift in Sources */,
				17D73031215561AC0090CE1A /* Environment.swift in Sources */,
			);
			runOnlyForDeploymentPostprocessing = 0;
		};
/* End PBXSourcesBuildPhase section */

/* Begin XCBuildConfiguration section */
		5C0A181121179636002F03E0 /* Debug */ = {
			isa = XCBuildConfiguration;
			buildSettings = {
				ALWAYS_SEARCH_USER_PATHS = NO;
				CLANG_ANALYZER_NONNULL = YES;
				CLANG_ANALYZER_NUMBER_OBJECT_CONVERSION = YES_AGGRESSIVE;
				CLANG_CXX_LANGUAGE_STANDARD = "gnu++14";
				CLANG_CXX_LIBRARY = "libc++";
				CLANG_ENABLE_MODULES = YES;
				CLANG_ENABLE_OBJC_ARC = YES;
				CLANG_ENABLE_OBJC_WEAK = YES;
				CLANG_WARN_BLOCK_CAPTURE_AUTORELEASING = YES;
				CLANG_WARN_BOOL_CONVERSION = YES;
				CLANG_WARN_COMMA = YES;
				CLANG_WARN_CONSTANT_CONVERSION = YES;
				CLANG_WARN_DEPRECATED_OBJC_IMPLEMENTATIONS = YES;
				CLANG_WARN_DIRECT_OBJC_ISA_USAGE = YES_ERROR;
				CLANG_WARN_DOCUMENTATION_COMMENTS = YES;
				CLANG_WARN_EMPTY_BODY = YES;
				CLANG_WARN_ENUM_CONVERSION = YES;
				CLANG_WARN_INFINITE_RECURSION = YES;
				CLANG_WARN_INT_CONVERSION = YES;
				CLANG_WARN_NON_LITERAL_NULL_CONVERSION = YES;
				CLANG_WARN_OBJC_IMPLICIT_RETAIN_SELF = YES;
				CLANG_WARN_OBJC_LITERAL_CONVERSION = YES;
				CLANG_WARN_OBJC_ROOT_CLASS = YES_ERROR;
				CLANG_WARN_RANGE_LOOP_ANALYSIS = YES;
				CLANG_WARN_STRICT_PROTOTYPES = YES;
				CLANG_WARN_SUSPICIOUS_MOVE = YES;
				CLANG_WARN_UNGUARDED_AVAILABILITY = YES_AGGRESSIVE;
				CLANG_WARN_UNREACHABLE_CODE = YES;
				CLANG_WARN__DUPLICATE_METHOD_MATCH = YES;
				CODE_SIGN_IDENTITY = "Mac Developer";
				COPY_PHASE_STRIP = NO;
				DEBUG_INFORMATION_FORMAT = dwarf;
				ENABLE_STRICT_OBJC_MSGSEND = YES;
				ENABLE_TESTABILITY = YES;
				GCC_C_LANGUAGE_STANDARD = gnu11;
				GCC_DYNAMIC_NO_PIC = NO;
				GCC_NO_COMMON_BLOCKS = YES;
				GCC_OPTIMIZATION_LEVEL = 0;
				GCC_PREPROCESSOR_DEFINITIONS = (
					"DEBUG=1",
					"$(inherited)",
				);
				GCC_WARN_64_TO_32_BIT_CONVERSION = YES;
				GCC_WARN_ABOUT_RETURN_TYPE = YES_ERROR;
				GCC_WARN_UNDECLARED_SELECTOR = YES;
				GCC_WARN_UNINITIALIZED_AUTOS = YES_AGGRESSIVE;
				GCC_WARN_UNUSED_FUNCTION = YES;
				GCC_WARN_UNUSED_VARIABLE = YES;
				MACOSX_DEPLOYMENT_TARGET = 10.13;
				MTL_ENABLE_DEBUG_INFO = INCLUDE_SOURCE;
				MTL_FAST_MATH = YES;
				ONLY_ACTIVE_ARCH = YES;
				SDKROOT = macosx;
				SWIFT_ACTIVE_COMPILATION_CONDITIONS = DEBUG;
				SWIFT_OBJC_BRIDGING_HEADER = "";
				SWIFT_OPTIMIZATION_LEVEL = "-Onone";
			};
			name = Debug;
		};
		5C0A181221179636002F03E0 /* Release */ = {
			isa = XCBuildConfiguration;
			buildSettings = {
				ALWAYS_SEARCH_USER_PATHS = NO;
				CLANG_ANALYZER_NONNULL = YES;
				CLANG_ANALYZER_NUMBER_OBJECT_CONVERSION = YES_AGGRESSIVE;
				CLANG_CXX_LANGUAGE_STANDARD = "gnu++14";
				CLANG_CXX_LIBRARY = "libc++";
				CLANG_ENABLE_MODULES = YES;
				CLANG_ENABLE_OBJC_ARC = YES;
				CLANG_ENABLE_OBJC_WEAK = YES;
				CLANG_WARN_BLOCK_CAPTURE_AUTORELEASING = YES;
				CLANG_WARN_BOOL_CONVERSION = YES;
				CLANG_WARN_COMMA = YES;
				CLANG_WARN_CONSTANT_CONVERSION = YES;
				CLANG_WARN_DEPRECATED_OBJC_IMPLEMENTATIONS = YES;
				CLANG_WARN_DIRECT_OBJC_ISA_USAGE = YES_ERROR;
				CLANG_WARN_DOCUMENTATION_COMMENTS = YES;
				CLANG_WARN_EMPTY_BODY = YES;
				CLANG_WARN_ENUM_CONVERSION = YES;
				CLANG_WARN_INFINITE_RECURSION = YES;
				CLANG_WARN_INT_CONVERSION = YES;
				CLANG_WARN_NON_LITERAL_NULL_CONVERSION = YES;
				CLANG_WARN_OBJC_IMPLICIT_RETAIN_SELF = YES;
				CLANG_WARN_OBJC_LITERAL_CONVERSION = YES;
				CLANG_WARN_OBJC_ROOT_CLASS = YES_ERROR;
				CLANG_WARN_RANGE_LOOP_ANALYSIS = YES;
				CLANG_WARN_STRICT_PROTOTYPES = YES;
				CLANG_WARN_SUSPICIOUS_MOVE = YES;
				CLANG_WARN_UNGUARDED_AVAILABILITY = YES_AGGRESSIVE;
				CLANG_WARN_UNREACHABLE_CODE = YES;
				CLANG_WARN__DUPLICATE_METHOD_MATCH = YES;
				CODE_SIGN_IDENTITY = "Mac Developer";
				COPY_PHASE_STRIP = NO;
				DEBUG_INFORMATION_FORMAT = "dwarf-with-dsym";
				ENABLE_NS_ASSERTIONS = NO;
				ENABLE_STRICT_OBJC_MSGSEND = YES;
				ENABLE_TESTABILITY = YES;
				GCC_C_LANGUAGE_STANDARD = gnu11;
				GCC_NO_COMMON_BLOCKS = YES;
				GCC_WARN_64_TO_32_BIT_CONVERSION = YES;
				GCC_WARN_ABOUT_RETURN_TYPE = YES_ERROR;
				GCC_WARN_UNDECLARED_SELECTOR = YES;
				GCC_WARN_UNINITIALIZED_AUTOS = YES_AGGRESSIVE;
				GCC_WARN_UNUSED_FUNCTION = YES;
				GCC_WARN_UNUSED_VARIABLE = YES;
				MACOSX_DEPLOYMENT_TARGET = 10.13;
				MTL_ENABLE_DEBUG_INFO = NO;
				MTL_FAST_MATH = YES;
				SDKROOT = macosx;
				SWIFT_COMPILATION_MODE = wholemodule;
				SWIFT_OBJC_BRIDGING_HEADER = "";
				SWIFT_OPTIMIZATION_LEVEL = "-O";
			};
			name = Release;
		};
		5C0A181421179636002F03E0 /* Debug */ = {
			isa = XCBuildConfiguration;
			buildSettings = {
				CODE_SIGN_STYLE = Automatic;
				DEVELOPMENT_TEAM = R4W3U7U9JJ;
				LD_RUNPATH_SEARCH_PATHS = "/Library/Developer/Toolchains/swift-latest/usr/lib/swift/macosx";
				PRODUCT_NAME = "$(TARGET_NAME)";
				SWIFT_OPTIMIZATION_LEVEL = "-O";
				SWIFT_VERSION = 4.2;
			};
			name = Debug;
		};
		5C0A181521179636002F03E0 /* Release */ = {
			isa = XCBuildConfiguration;
			buildSettings = {
				CODE_SIGN_STYLE = Automatic;
				DEVELOPMENT_TEAM = R4W3U7U9JJ;
				LD_RUNPATH_SEARCH_PATHS = "/Library/Developer/Toolchains/swift-latest/usr/lib/swift/macosx";
				PRODUCT_NAME = "$(TARGET_NAME)";
				SWIFT_VERSION = 4.2;
			};
			name = Release;
		};
/* End XCBuildConfiguration section */

/* Begin XCConfigurationList section */
		5C0A180721179636002F03E0 /* Build configuration list for PBXProject "SwiftReinforce" */ = {
			isa = XCConfigurationList;
			buildConfigurations = (
				5C0A181121179636002F03E0 /* Debug */,
				5C0A181221179636002F03E0 /* Release */,
			);
			defaultConfigurationIsVisible = 0;
			defaultConfigurationName = Release;
		};
		5C0A181321179636002F03E0 /* Build configuration list for PBXNativeTarget "SwiftReinforce" */ = {
			isa = XCConfigurationList;
			buildConfigurations = (
				5C0A181421179636002F03E0 /* Debug */,
				5C0A181521179636002F03E0 /* Release */,
			);
			defaultConfigurationIsVisible = 0;
			defaultConfigurationName = Release;
		};
/* End XCConfigurationList section */
	};
	rootObject = 5C0A180421179636002F03E0 /* Project object */;
}
